
Microsoft Visual Studio Solution File, Format Version 10.00
# Visual Web Developer Express 2008
Project("{FAE04EC0-301F-11D3-BF4B-00C04F79EFBC}") = "CaisisFU", "WebApplication2\CaisisFU.csproj", "{D09A511A-11E3-49BD-9A95-020D8BA71E00}"
EndProject
Global
	GlobalSection(SolutionConfigurationPlatforms) = preSolution
		Debug|Any CPU = Debug|Any CPU
		Release|Any CPU = Release|Any CPU
	EndGlobalSection
	GlobalSection(ProjectConfigurationPlatforms) = postSolution
		{D09A511A-11E3-49BD-9A95-020D8BA71E00}.Debug|Any CPU.ActiveCfg = Debug|Any CPU
		{D09A511A-11E3-49BD-9A95-020D8BA71E00}.Debug|Any CPU.Build.0 = Debug|Any CPU
		{D09A511A-11E3-49BD-9A95-020D8BA71E00}.Release|Any CPU.ActiveCfg = Release|Any CPU
		{D09A511A-11E3-49BD-9A95-020D8BA71E00}.Release|Any CPU.Build.0 = Release|Any CPU
	EndGlobalSection
	GlobalSection(SolutionProperties) = preSolution
		HideSolutionNode = FALSE
	EndGlobalSection
EndGlobal
